	<Project xmlns="http://schemas.microsoft.com/developer/msbuild/2003">
		<PropertyGroup>
			<ProjectGuid>{7CDF554C-3199-422E-9A8D-14B9BF0A922B}</ProjectGuid>
			<MainSource>ChromeTabs_XE2_R.dpk</MainSource>
			<ProjectVersion>13.4</ProjectVersion>
			<FrameworkType>VCL</FrameworkType>
			<Base>True</Base>
			<Config Condition="'$(Config)'==''">Debug</Config>
			<Platform Condition="'$(Platform)'==''">Win32</Platform>
			<TargetedPlatforms>1</TargetedPlatforms>
			<AppType>Package</AppType>
		</PropertyGroup>
		<PropertyGroup Condition="'$(Config)'=='Base' or '$(Base)'!=''">
			<Base>true</Base>
		</PropertyGroup>
		<PropertyGroup Condition="('$(Platform)'=='Win64' and '$(Base)'=='true') or '$(Base_Win64)'!=''">
			<Base_Win64>true</Base_Win64>
			<CfgParent>Base</CfgParent>
			<Base>true</Base>
		</PropertyGroup>
		<PropertyGroup Condition="('$(Platform)'=='Win32' and '$(Base)'=='true') or '$(Base_Win32)'!=''">
			<Base_Win32>true</Base_Win32>
			<CfgParent>Base</CfgParent>
			<Base>true</Base>
		</PropertyGroup>
		<PropertyGroup Condition="'$(Config)'=='Debug' or '$(Cfg_1)'!=''">
			<Cfg_1>true</Cfg_1>
			<CfgParent>Base</CfgParent>
			<Base>true</Base>
		</PropertyGroup>
		<PropertyGroup Condition="('$(Platform)'=='Win32' and '$(Cfg_1)'=='true') or '$(Cfg_1_Win32)'!=''">
			<Cfg_1_Win32>true</Cfg_1_Win32>
			<CfgParent>Cfg_1</CfgParent>
			<Cfg_1>true</Cfg_1>
			<Base>true</Base>
		</PropertyGroup>
		<PropertyGroup Condition="'$(Config)'=='Release' or '$(Cfg_2)'!=''">
			<Cfg_2>true</Cfg_2>
			<CfgParent>Base</CfgParent>
			<Base>true</Base>
		</PropertyGroup>
		<PropertyGroup Condition="'$(Base)'!=''">
			<RuntimeOnlyPackage>true</RuntimeOnlyPackage>
			<DCC_UsePackage>rtl;$(DCC_UsePackage)</DCC_UsePackage>
			<DCC_Description>Chrome Tabs</DCC_Description>
			<VerInfo_Locale>1044</VerInfo_Locale>
			<DCC_CBuilderOutput>All</DCC_CBuilderOutput>
			<GenPackage>true</GenPackage>
			<VerInfo_Keys>CompanyName=;FileDescription=;FileVersion=1.0.0.0;InternalName=;LegalCopyright=;LegalTrademarks=;OriginalFilename=;ProductName=;ProductVersion=1.0.0.0;Comments=</VerInfo_Keys>
			<GenDll>true</GenDll>
			<DCC_Namespace>System;Xml;Data;Datasnap;Web;Soap;Vcl;Vcl.Imaging;Vcl.Touch;Vcl.Samples;Vcl.Shell;$(DCC_Namespace)</DCC_Namespace>
			<DCC_DcuOutput>..\..\..\Bin\DCU\$(Platform)\$(Config)</DCC_DcuOutput>
			<DCC_ExeOutput>.\$(Platform)\$(Config)</DCC_ExeOutput>
		</PropertyGroup>
		<PropertyGroup Condition="'$(Base_Win64)'!=''">
			<DCC_UsePackage>vcl;$(DCC_UsePackage)</DCC_UsePackage>
		</PropertyGroup>
		<PropertyGroup Condition="'$(Base_Win32)'!=''">
			<DCC_UsePackage>vcl;$(DCC_UsePackage)</DCC_UsePackage>
			<VerInfo_Locale>1033</VerInfo_Locale>
			<VerInfo_IncludeVerInfo>true</VerInfo_IncludeVerInfo>
			<VerInfo_Keys>CompanyName=;FileDescription=;FileVersion=1.0.0.0;InternalName=;LegalCopyright=;LegalTrademarks=;OriginalFilename=;ProductName=;ProductVersion=1.0.0.0;Comments=</VerInfo_Keys>
			<DCC_Namespace>Winapi;System.Win;Data.Win;Datasnap.Win;Web.Win;Soap.Win;Xml.Win;Bde;$(DCC_Namespace)</DCC_Namespace>
		</PropertyGroup>
		<PropertyGroup Condition="'$(Cfg_1)'!=''">
			<DCC_Define>DEBUG;$(DCC_Define)</DCC_Define>
			<DCC_Optimize>false</DCC_Optimize>
			<DCC_GenerateStackFrames>true</DCC_GenerateStackFrames>
			<DCC_DebugInfoInExe>true</DCC_DebugInfoInExe>
			<DCC_RemoteDebug>true</DCC_RemoteDebug>
		</PropertyGroup>
		<PropertyGroup Condition="'$(Cfg_1_Win32)'!=''">
			<DCC_DcuOutput>..\..\Bin\XE2\$(Config)\$(Platform)\DCU</DCC_DcuOutput>
			<DCC_MapFile>3</DCC_MapFile>
			<DCC_Define>EUREKALOG;EUREKALOG_VER6;$(DCC_Define)</DCC_Define>
			<VerInfo_IncludeVerInfo>true</VerInfo_IncludeVerInfo>
			<VerInfo_Locale>1033</VerInfo_Locale>
			<DCC_RemoteDebug>false</DCC_RemoteDebug>
		</PropertyGroup>
		<PropertyGroup Condition="'$(Cfg_2)'!=''">
			<DCC_LocalDebugSymbols>false</DCC_LocalDebugSymbols>
			<DCC_Define>RELEASE;$(DCC_Define)</DCC_Define>
			<DCC_SymbolReferenceInfo>0</DCC_SymbolReferenceInfo>
			<DCC_DebugInformation>false</DCC_DebugInformation>
		</PropertyGroup>
		<ItemGroup>
			<DelphiCompile Include="$(MainSource)">
				<MainSource>MainSource</MainSource>
			</DelphiCompile>
			<DCCReference Include="rtl.dcp"/>
			<DCCReference Include="vcl.dcp"/>
			<DCCReference Include="..\..\Lib\ChromeTabsUtils.pas"/>
			<DCCReference Include="..\..\Lib\ChromeTabsTypes.pas"/>
			<DCCReference Include="..\..\Lib\ChromeTabsThreadTimer.pas"/>
			<DCCReference Include="..\..\Lib\ChromeTabs.pas"/>
			<DCCReference Include="..\..\Lib\ChromeTabsControls.pas"/>
			<DCCReference Include="..\..\Lib\ChromeTabsClasses.pas"/>
			<DCCReference Include="..\..\Lib\ChromeTabsGlassForm.pas"/>
			<BuildConfiguration Include="Release">
				<Key>Cfg_2</Key>
				<CfgParent>Base</CfgParent>
			</BuildConfiguration>
			<BuildConfiguration Include="Base">
				<Key>Base</Key>
			</BuildConfiguration>
			<BuildConfiguration Include="Debug">
				<Key>Cfg_1</Key>
				<CfgParent>Base</CfgParent>
			</BuildConfiguration>
		</ItemGroup>
		<ProjectExtensions>
			<Borland.Personality>Delphi.Personality.12</Borland.Personality>
			<Borland.ProjectType>Package</Borland.ProjectType>
			<BorlandProject>
				<Delphi.Personality>
					<Source>
						<Source Name="MainSource">ChromeTabs_XE2_R.dpk</Source>
					</Source>
					<VersionInfo>
						<VersionInfo Name="IncludeVerInfo">True</VersionInfo>
						<VersionInfo Name="AutoIncBuild">False</VersionInfo>
						<VersionInfo Name="MajorVer">1</VersionInfo>
						<VersionInfo Name="MinorVer">0</VersionInfo>
						<VersionInfo Name="Release">0</VersionInfo>
						<VersionInfo Name="Build">0</VersionInfo>
						<VersionInfo Name="Debug">False</VersionInfo>
						<VersionInfo Name="PreRelease">False</VersionInfo>
						<VersionInfo Name="Special">False</VersionInfo>
						<VersionInfo Name="Private">False</VersionInfo>
						<VersionInfo Name="DLL">False</VersionInfo>
						<VersionInfo Name="Locale">1044</VersionInfo>
						<VersionInfo Name="CodePage">1252</VersionInfo>
					</VersionInfo>
					<VersionInfoKeys>
						<VersionInfoKeys Name="CompanyName"/>
						<VersionInfoKeys Name="FileDescription"/>
						<VersionInfoKeys Name="FileVersion">1.0.0.0</VersionInfoKeys>
						<VersionInfoKeys Name="InternalName"/>
						<VersionInfoKeys Name="LegalCopyright"/>
						<VersionInfoKeys Name="LegalTrademarks"/>
						<VersionInfoKeys Name="OriginalFilename"/>
						<VersionInfoKeys Name="ProductName"/>
						<VersionInfoKeys Name="ProductVersion">1.0.0.0</VersionInfoKeys>
						<VersionInfoKeys Name="Comments"/>
					</VersionInfoKeys>
					<Excluded_Packages>
						<Excluded_Packages Name="C:\Program Files (x86)\RemObjects Software\Data Abstract for Delphi\Dcu\D16\win32\DataAbstract_BDEDriver_D16.bpl">RemObjects Data Abstract - BDE Driver</Excluded_Packages>
						<Excluded_Packages Name="C:\Users\Public\Documents\RAD Studio\9.0\Bpl\JvWizardsDesign160.bpl">JVCL Wizard</Excluded_Packages>
						<Excluded_Packages Name="C:\Program Files (x86)\Developer Express.VCL\Library\RS16\dcldxSpellCheckerRS16.bpl">ExpressSpellChecker 2 by Developer Express Inc.</Excluded_Packages>
						<Excluded_Packages Name="C:\Program Files (x86)\Developer Express.VCL\Library\RS16\dcldxtrmdRS16.bpl">ExpressTreePrintedDataSet by Developer Express Inc.</Excluded_Packages>
						<Excluded_Packages Name="C:\Program Files (x86)\Developer Express.VCL\Library\RS16\dclcxSchedulerGridRS16.bpl">ExpressScheduler connection to ExpressQuantumGrid by Developer Express Inc.</Excluded_Packages>
						<Excluded_Packages Name="C:\Program Files (x86)\Developer Express.VCL\Library\RS16\dclcxPivotGridChartRS16.bpl">ExpressPivotGrid connection to ExpressQuantumGrid Chart View by Developer Express Inc.</Excluded_Packages>
						<Excluded_Packages Name="C:\Program Files (x86)\Developer Express.VCL\Library\RS16\dclcxPivotGridOLAPRS16.bpl">ExpressPivotGrid OLAP by Developer Express Inc.</Excluded_Packages>
						<Excluded_Packages Name="$(BDSBIN)\dcltee9160.bpl">TeeChart Standard VCL Components</Excluded_Packages>
						<Excluded_Packages Name="C:\Users\Public\Documents\RAD Studio\9.0\Bpl\JvBDEDesign160.bpl">JVCL BDE Components</Excluded_Packages>
						<Excluded_Packages Name="F:\Projects\Easy-IP\Source\Externals\Third Party\DragDropComponentSuite\Library\Delphi 2011\DragDropXE2.bpl">Drag and Drop Component Suite</Excluded_Packages>
						<Excluded_Packages Name="C:\Users\Public\Documents\RAD Studio\9.0\Bpl\FibPlusEditors_XE2.bpl">FIBPlus Property Editors</Excluded_Packages>
						<Excluded_Packages Name="$(BDSBIN)\dcloffice2k160.bpl">Microsoft Office 2000 Sample Automation Server Wrapper Components</Excluded_Packages>
						<Excluded_Packages Name="$(BDSBIN)\dclofficexp160.bpl">Microsoft Office XP Sample Automation Server Wrapper Components</Excluded_Packages>
						<Excluded_Packages Name="C:\Program Files (x86)\RemObjects Software\RemObjects SDK for Delphi\Dcu\D16\win32\RemObjects_FMX_D16.bpl">RemObjects SDK - Core Library (FMX)</Excluded_Packages>
						<Excluded_Packages Name="C:\Program Files (x86)\RemObjects Software\Data Abstract for Delphi\Dcu\D16\win32\DataAbstract_FMX_D16.bpl">RemObjects Data Abstract - FMX Library</Excluded_Packages>
					</Excluded_Packages>
				</Delphi.Personality>
				<Deployment/>
				<Platforms>
					<Platform value="Win64">False</Platform>
					<Platform value="OSX32">False</Platform>
					<Platform value="Win32">True</Platform>
				</Platforms>
			</BorlandProject>
			<ProjectFileVersion>12</ProjectFileVersion>
		</ProjectExtensions>
		<Import Condition="Exists('$(BDS)\Bin\CodeGear.Delphi.Targets')" Project="$(BDS)\Bin\CodeGear.Delphi.Targets"/>
		<Import Condition="Exists('$(APPDATA)\Embarcadero\$(BDSAPPDATABASEDIR)\$(PRODUCTVERSION)\UserTools.proj')" Project="$(APPDATA)\Embarcadero\$(BDSAPPDATABASEDIR)\$(PRODUCTVERSION)\UserTools.proj"/>
	</Project>

<!-- EurekaLog First Line
[Exception Log]
EurekaLog Version=7001
Activate=0
AutoCrashOperation=2
boHandleSafeCallExceptions=1
boUseMainModuleOptions=1
CompatibilityMode=1
csoAllowedRenderMethods=64
csoDisabledRenderMethods=-2
csoShowWindowsThreads=1
Email Address=""
Email Object=""
Encrypt Password=""
Errors Number=32
Errors Terminate=3
Foreground Tab=0
loCatchLeaks=0
loEnableMMDebugMode=0
loFreeAllLeaks=1
loHideRTLLeaks=0
loMaxLeaks=1024
loOnlyUnderIDE=0
loProcessesSection=1
Output Path=""
SMTP From="eurekalog@email.com"
SMTP Host=""
SMTP UserID=""
sndAddDateInFileName=0
sndScreenshot=3
sndShowSuccessMsg=0
soActCtlsControlClass=1
soActCtlsControlText=1
soActCtlsFormClass=1
soActCtlsFormText=1
soAppCompilationDate=1
soAppName=1
soAppParameters=1
soAppStartDate=1
soAppUpTime=1
soAppVersionNumber=1
soCmpDisplayDPI=1
soCmpDisplayMode=1
soCmpFreeDisk=1
soCmpFreeMemory=1
soCmpName=1
soCmpPrinter=1
soCmpProcessor=1
soCmpSysUpTime=1
soCmpTotalDisk=1
soCmpTotalMemory=1
soCmpVideoCard=1
soCustomData=1
soExcCount=1
soExcDate=1
soExcModuleName=1
soExcModuleVersion=1
soExcNote=1
soExcStatus=1
soNetDHCP=1
soNetDNS1=1
soNetDNS2=1
soNetGateway=1
soNetIP=1
soNetSubmask=1
soOSBuildN=1
soOSCharset=1
soOSLanguage=1
soOSType=1
soOSUpdate=1
soUserCompany=1
soUserID=1
soUserPrivileges=1
TextsCollection="English"
TrakerUser=""
WebPort=0
WebURL=""
EurekaLog Last Line -->
