	<Project xmlns="http://schemas.microsoft.com/developer/msbuild/2003">
		<PropertyGroup>
			<ProjectGuid>{c9ed9a5c-a15c-4d5c-af55-c6450d1b6687}</ProjectGuid>
			<MainSource>ChromeTabsDemoXE2.dpr</MainSource>
			<Configuration Condition=" '$(Configuration)' == '' ">Debug</Configuration>
			<DCC_DCCCompiler>DCC32</DCC_DCCCompiler>
			<DCC_DependencyCheckOutputName>Project2.exe</DCC_DependencyCheckOutputName>
			<FrameworkType>VCL</FrameworkType>
			<ProjectVersion>13.4</ProjectVersion>
			<Base>True</Base>
			<Config Condition="'$(Config)'==''">Debug</Config>
			<Platform Condition="'$(Platform)'==''">Win32</Platform>
			<TargetedPlatforms>3</TargetedPlatforms>
			<AppType>Application</AppType>
			<Platform>Win32</Platform>
		</PropertyGroup>
		<PropertyGroup Condition="'$(Config)'=='Base' or '$(Base)'!=''">
			<Base>true</Base>
		</PropertyGroup>
		<PropertyGroup Condition="'$(Config)'=='Release' or '$(Cfg_1)'!=''">
			<Cfg_1>true</Cfg_1>
			<CfgParent>Base</CfgParent>
			<Base>true</Base>
		</PropertyGroup>
		<PropertyGroup Condition="'$(Config)'=='Debug' or '$(Cfg_2)'!=''">
			<Cfg_2>true</Cfg_2>
			<CfgParent>Base</CfgParent>
			<Base>true</Base>
		</PropertyGroup>
		<PropertyGroup Condition="('$(Platform)'=='Win32' and '$(Cfg_2)'=='true') or '$(Cfg_2_Win32)'!=''">
			<Cfg_2_Win32>true</Cfg_2_Win32>
			<CfgParent>Cfg_2</CfgParent>
			<Cfg_2>true</Cfg_2>
			<Base>true</Base>
		</PropertyGroup>
		<PropertyGroup Condition="'$(Base)'!=''">
			<DCC_DcuOutput>..\..\..\Bin\DCU\$(Platform)\$(Config)</DCC_DcuOutput>
			<DCC_UnitSearchPath>..\Lib;$(DCC_UnitSearchPath)</DCC_UnitSearchPath>
			<DCC_ExeOutput>..\..\..\Bin\ChromeTabs\$(Platform)\$(Config)</DCC_ExeOutput>
			<Icon_MainIcon>$(BDS)\bin\delphi_PROJECTICON.ico</Icon_MainIcon>
			<DCC_Namespace>WinAPI;Vcl;Vcl.Imaging;Vcl.Touch;Vcl.Samples;Vcl.Shell;System;Xml;Data;Datasnap;Web;Soap;$(DCC_Namespace)</DCC_Namespace>
			<VerInfo_Locale>7177</VerInfo_Locale>
			<Manifest_File>$(BDS)\bin\default_app.manifest</Manifest_File>
			<VerInfo_Keys>CompanyName=;FileDescription=;FileVersion=1.0.0.0;InternalName=;LegalCopyright=;LegalTrademarks=;OriginalFilename=;ProductName=;ProductVersion=1.0.0.0;Comments=</VerInfo_Keys>
		</PropertyGroup>
		<PropertyGroup Condition="'$(Cfg_1)'!=''">
			<Version>7.0</Version>
			<DCC_DebugInformation>False</DCC_DebugInformation>
			<DCC_LocalDebugSymbols>False</DCC_LocalDebugSymbols>
			<DCC_SymbolReferenceInfo>0</DCC_SymbolReferenceInfo>
			<DCC_Define>RELEASE;$(DCC_Define)</DCC_Define>
		</PropertyGroup>
		<PropertyGroup Condition="'$(Cfg_2)'!=''">
			<Version>7.0</Version>
			<DCC_Define>DEBUG;$(DCC_Define)</DCC_Define>
		</PropertyGroup>
		<PropertyGroup Condition="'$(Cfg_2_Win32)'!=''">
			<BCC_SourceDebuggingOn>true</BCC_SourceDebuggingOn>
			<ILINK_FullDebugInfo>true</ILINK_FullDebugInfo>
			<BCC_DebugLineNumbers>true</BCC_DebugLineNumbers>
			<DCC_DebugInfoInExe>true</DCC_DebugInfoInExe>
			<DCC_Optimize>false</DCC_Optimize>
			<DCC_DebugDCUs>true</DCC_DebugDCUs>
			<DCC_Define>_VER7;$(DCC_Define)</DCC_Define>
			<DCC_GenerateStackFrames>true</DCC_GenerateStackFrames>
			<DCC_MapFile>3</DCC_MapFile>
		</PropertyGroup>
		<ProjectExtensions>
			<Borland.Personality>Delphi.Personality.12</Borland.Personality>
			<Borland.ProjectType>VCLApplication</Borland.ProjectType>
			<BorlandProject>
				<Delphi.Personality>
					<Parameters/>
					<VersionInfo>
						<VersionInfo Name="IncludeVerInfo">False</VersionInfo>
						<VersionInfo Name="AutoIncBuild">False</VersionInfo>
						<VersionInfo Name="MajorVer">1</VersionInfo>
						<VersionInfo Name="MinorVer">0</VersionInfo>
						<VersionInfo Name="Release">0</VersionInfo>
						<VersionInfo Name="Build">0</VersionInfo>
						<VersionInfo Name="Debug">False</VersionInfo>
						<VersionInfo Name="PreRelease">False</VersionInfo>
						<VersionInfo Name="Special">False</VersionInfo>
						<VersionInfo Name="Private">False</VersionInfo>
						<VersionInfo Name="DLL">False</VersionInfo>
						<VersionInfo Name="Locale">7177</VersionInfo>
						<VersionInfo Name="CodePage">1252</VersionInfo>
					</VersionInfo>
					<VersionInfoKeys>
						<VersionInfoKeys Name="CompanyName"/>
						<VersionInfoKeys Name="FileDescription"/>
						<VersionInfoKeys Name="FileVersion">1.0.0.0</VersionInfoKeys>
						<VersionInfoKeys Name="InternalName"/>
						<VersionInfoKeys Name="LegalCopyright"/>
						<VersionInfoKeys Name="LegalTrademarks"/>
						<VersionInfoKeys Name="OriginalFilename"/>
						<VersionInfoKeys Name="ProductName"/>
						<VersionInfoKeys Name="ProductVersion">1.0.0.0</VersionInfoKeys>
						<VersionInfoKeys Name="Comments"/>
					</VersionInfoKeys>
					<Excluded_Packages>
						<Excluded_Packages Name="F:\Program Files\Delphi7\Projects\Bpl\ChromeTabsR.bpl">(untitled)</Excluded_Packages>
						<Excluded_Packages Name="C:\Program Files (x86)\RemObjects Software\Data Abstract for Delphi\Dcu\D16\win32\DataAbstract_BDEDriver_D16.bpl">RemObjects Data Abstract - BDE Driver</Excluded_Packages>
						<Excluded_Packages Name="C:\Program Files (x86)\RemObjects Software\RemObjects SDK for Delphi\Dcu\D16\win32\RemObjects_FMX_D16.bpl">RemObjects SDK - Core Library (FMX)</Excluded_Packages>
						<Excluded_Packages Name="C:\Users\Public\Documents\RAD Studio\9.0\Bpl\JvWizardsDesign160.bpl">JVCL Wizard</Excluded_Packages>
						<Excluded_Packages Name="C:\Program Files (x86)\Developer Express.VCL\Library\RS16\dcldxSpellCheckerRS16.bpl">ExpressSpellChecker 2 by Developer Express Inc.</Excluded_Packages>
						<Excluded_Packages Name="C:\Program Files (x86)\Developer Express.VCL\Library\RS16\dcldxtrmdRS16.bpl">ExpressTreePrintedDataSet by Developer Express Inc.</Excluded_Packages>
						<Excluded_Packages Name="C:\Program Files (x86)\Developer Express.VCL\Library\RS16\dclcxSchedulerGridRS16.bpl">ExpressScheduler connection to ExpressQuantumGrid by Developer Express Inc.</Excluded_Packages>
						<Excluded_Packages Name="C:\Program Files (x86)\Developer Express.VCL\Library\RS16\dclcxPivotGridChartRS16.bpl">ExpressPivotGrid connection to ExpressQuantumGrid Chart View by Developer Express Inc.</Excluded_Packages>
						<Excluded_Packages Name="C:\Program Files (x86)\RemObjects Software\Data Abstract for Delphi\Dcu\D16\win32\DataAbstract_FMX_D16.bpl">RemObjects Data Abstract - FMX Library</Excluded_Packages>
						<Excluded_Packages Name="C:\Program Files (x86)\Developer Express.VCL\Library\RS16\dclcxPivotGridOLAPRS16.bpl">ExpressPivotGrid OLAP by Developer Express Inc.</Excluded_Packages>
						<Excluded_Packages Name="C:\Users\Public\Documents\RAD Studio\9.0\Bpl\JvBDEDesign160.bpl">JVCL BDE Components</Excluded_Packages>
						<Excluded_Packages Name="$(BDSBIN)\dcltee9160.bpl">TeeChart Standard VCL Components</Excluded_Packages>
						<Excluded_Packages Name="C:\Users\Public\Documents\RAD Studio\9.0\Bpl\LifeCycleCommon_XE2.bpl">LifeCycle</Excluded_Packages>
						<Excluded_Packages Name="C:\Users\Public\Documents\RAD Studio\9.0\Bpl\FibPlusEditors_XE2.bpl">FIBPlus Property Editors</Excluded_Packages>
						<Excluded_Packages Name="C:\Program Files (x86)\tmssoftware\TMSFMXPack RSXE2\Win32\TMSFMXPackPkgDXE2.bpl">TMS Component Pack for FireMonkey HD</Excluded_Packages>
						<Excluded_Packages Name="$(BDSBIN)\dcloffice2k160.bpl">Microsoft Office 2000 Sample Automation Server Wrapper Components</Excluded_Packages>
						<Excluded_Packages Name="$(BDSBIN)\dclofficexp160.bpl">Microsoft Office XP Sample Automation Server Wrapper Components</Excluded_Packages>
					</Excluded_Packages>
					<Source>
						<Source Name="MainSource">ChromeTabsDemoXE2.dpr</Source>
					</Source>
				</Delphi.Personality>
				<Platforms>
					<Platform value="Win64">True</Platform>
					<Platform value="Win32">True</Platform>
				</Platforms>
			</BorlandProject>
			<ProjectFileVersion>12</ProjectFileVersion>
		</ProjectExtensions>
		<ItemGroup>
			<DelphiCompile Include="$(MainSource)">
				<MainSource>MainSource</MainSource>
			</DelphiCompile>
			<DCCReference Include="frmMainU.pas">
				<Form>frmMain</Form>
			</DCCReference>
			<DCCReference Include="..\Lib\ChromeTabsLog.pas"/>
			<DCCReference Include="frameChromeTabStyleU.pas">
				<Form>frameChromeTabStyle</Form>
				<DesignClass>TFrame</DesignClass>
			</DCCReference>
			<None Include="Profiling\AQtimeModule1.aqt"/>
			<BuildConfiguration Include="Debug">
				<Key>Cfg_2</Key>
				<CfgParent>Base</CfgParent>
			</BuildConfiguration>
			<BuildConfiguration Include="Base">
				<Key>Base</Key>
			</BuildConfiguration>
			<BuildConfiguration Include="Release">
				<Key>Cfg_1</Key>
				<CfgParent>Base</CfgParent>
			</BuildConfiguration>
		</ItemGroup>
		<Import Condition="Exists('$(BDS)\Bin\CodeGear.Delphi.Targets')" Project="$(BDS)\Bin\CodeGear.Delphi.Targets"/>
		<Import Condition="Exists('$(APPDATA)\Embarcadero\$(BDSAPPDATABASEDIR)\$(PRODUCTVERSION)\UserTools.proj')" Project="$(APPDATA)\Embarcadero\$(BDSAPPDATABASEDIR)\$(PRODUCTVERSION)\UserTools.proj"/>
	</Project>

<!-- EurekaLog First Line
[Exception Log]
EurekaLog Version=7001
Activate=1
AutoCrashOperation=2
boHandleSafeCallExceptions=1
boUseMainModuleOptions=1
CompatibilityMode=1
csoAllowedRenderMethods=64
csoDisabledRenderMethods=-2
csoShowWindowsThreads=1
Email Address=""
Email Object=""
Encrypt Password=""
Errors Number=32
Errors Terminate=3
Foreground Tab=0
Freeze Timeout=1
loCatchLeaks=0
loEnableMMDebugMode=0
loFreeAllLeaks=1
loHideRTLLeaks=0
loMaxLeaks=1024
loOnlyUnderIDE=0
loProcessesSection=1
Output Path=""
SMTP From="eurekalog@email.com"
SMTP Host=""
SMTP UserID=""
sndAddDateInFileName=0
sndScreenshot=3
sndShowSuccessMsg=0
soActCtlsControlClass=1
soActCtlsControlText=1
soActCtlsFormClass=1
soActCtlsFormText=1
soAppCompilationDate=1
soAppName=1
soAppParameters=1
soAppStartDate=1
soAppUpTime=1
soAppVersionNumber=1
soCmpDisplayDPI=1
soCmpDisplayMode=1
soCmpFreeDisk=1
soCmpFreeMemory=1
soCmpName=1
soCmpPrinter=1
soCmpProcessor=1
soCmpSysUpTime=1
soCmpTotalDisk=1
soCmpTotalMemory=1
soCmpVideoCard=1
soCustomData=1
soExcCount=1
soExcDate=1
soExcModuleName=1
soExcModuleVersion=1
soExcNote=1
soExcStatus=1
soNetDHCP=1
soNetDNS1=1
soNetDNS2=1
soNetGateway=1
soNetIP=1
soNetSubmask=1
soOSBuildN=1
soOSCharset=1
soOSLanguage=1
soOSType=1
soOSUpdate=1
soUserCompany=1
soUserID=1
soUserPrivileges=1
TextsCollection=""
TrakerUser=""
WebPort=0
WebURL=""
EurekaLog Last Line -->
